
Microsoft Visual Studio Solution File, Format Version 12.00
# Visual Studio Version 17
VisualStudioVersion = 17.3.32804.467
MinimumVisualStudioVersion = 10.0.40219.1
Project("{FAE04EC0-301F-11D3-BF4B-00C04F79EFBC}") = "Albion Statistics", "Albion Statistics\Albion Statistics.csproj", "{B705686F-1BF7-407D-9ED5-D6887E6F630F}"
EndProject
Global
	GlobalSection(SolutionConfigurationPlatforms) = preSolution
		Debug|Any CPU = Debug|Any CPU
		Release|Any CPU = Release|Any CPU
	EndGlobalSection
	GlobalSection(ProjectConfigurationPlatforms) = postSolution
		{B705686F-1BF7-407D-9ED5-D6887E6F630F}.Debug|Any CPU.ActiveCfg = Debug|Any CPU
		{B705686F-1BF7-407D-9ED5-D6887E6F630F}.Debug|Any CPU.Build.0 = Debug|Any CPU
		{B705686F-1BF7-407D-9ED5-D6887E6F630F}.Release|Any CPU.ActiveCfg = Release|Any CPU
		{B705686F-1BF7-407D-9ED5-D6887E6F630F}.Release|Any CPU.Build.0 = Release|Any CPU
	EndGlobalSection
	GlobalSection(SolutionProperties) = preSolution
		HideSolutionNode = FALSE
	EndGlobalSection
	GlobalSection(ExtensibilityGlobals) = postSolution
		SolutionGuid = {DC36B427-111E-4B0E-B678-D647EDEF0D0D}
	EndGlobalSection
EndGlobal
